
Microsoft Visual Studio Solution File, Format Version 12.00
# Visual Studio Version 17
VisualStudioVersion = 17.5.33424.131
MinimumVisualStudioVersion = 10.0.40219.1
Project("{9A19103F-16F7-4668-BE54-9A1E7A4F7556}") = "Discarding 2.1", "Discarding 2.1.csproj", "{FC786D7F-3878-455E-8C64-B99BC3BA83A3}"
EndProject
Project("{54435603-DBB4-11D2-8724-00A0C9A8B90C}") = "SetupDiscarding2.1", "..\SetupDiscarding2.1\SetupDiscarding2.1.vdproj", "{668FA374-26BB-4B2D-8CB6-CC83BBB75411}"
EndProject
Global
	GlobalSection(SolutionConfigurationPlatforms) = preSolution
		Debug|Any CPU = Debug|Any CPU
		Release|Any CPU = Release|Any CPU
	EndGlobalSection
	GlobalSection(ProjectConfigurationPlatforms) = postSolution
		{FC786D7F-3878-455E-8C64-B99BC3BA83A3}.Debug|Any CPU.ActiveCfg = Debug|Any CPU
		{FC786D7F-3878-455E-8C64-B99BC3BA83A3}.Debug|Any CPU.Build.0 = Debug|Any CPU
		{FC786D7F-3878-455E-8C64-B99BC3BA83A3}.Release|Any CPU.ActiveCfg = Release|Any CPU
		{FC786D7F-3878-455E-8C64-B99BC3BA83A3}.Release|Any CPU.Build.0 = Release|Any CPU
		{668FA374-26BB-4B2D-8CB6-CC83BBB75411}.Debug|Any CPU.ActiveCfg = Debug
		{668FA374-26BB-4B2D-8CB6-CC83BBB75411}.Release|Any CPU.ActiveCfg = Release
	EndGlobalSection
	GlobalSection(SolutionProperties) = preSolution
		HideSolutionNode = FALSE
	EndGlobalSection
	GlobalSection(ExtensibilityGlobals) = postSolution
		SolutionGuid = {54907E9F-CE75-4BD2-B1FE-05DBA60C7DF5}
	EndGlobalSection
EndGlobal
